{
  "lockfile_version": "1",
  "packages": {
    "github:NixOS/nixpkgs/nixpkgs-unstable": {
      "last_modified": "2026-10-03T07:08:11Z",
      "resolved": "github:NixOS/nixpkgs/73e728ddb6b7a12d18808f510813a13ee1fe4cce?lastModified=1791011291"
    },
    "go@1.27.0": {
      "last_modified": "2026-08-27T07:16:00Z",
      "resolved": "github:NixOS/nixpkgs/c27cdad491a991b11ed731760aa2ef8db0cb0410#go_1_27",
      "source": "devbox-search",
      "version": "1.27.0",
      "systems": {
        "aarch64-darwin": {
          "outputs": [
            {
              "name": "out",
              "path": "/nix/store/lz3qw52rpazqga73xgsqlj4qz1lgs4hg-go-1.27.0",
              "default": true
            }
          ],
          "store_path": "/nix/store/lz3qw52rpazqga73xgsqlj4qz1lgs4hg-go-1.27.0"
        },
        "aarch64-linux": {
          "outputs": [
            {
              "name": "out",
              "path": "/nix/store/zqjvg5805xkf6zsd8nrdvgbv58yw2phr-go-1.27.0",
              "default": true
            }
          ],
          "store_path": "/nix/store/zqjvg5805xkf6zsd8nrdvgbv58yw2phr-go-1.27.0"
        },
        "x86_64-linux": {
          "outputs": [
            {
              "name": "out",
              "path": "/nix/store/fibbp1k5gcpaxcin4dzk70yd056rfjhg-go-1.27.0",
              "default": true
            }
          ],
          "store_path": "/nix/store/fibbp1k5gcpaxcin4dzk70yd056rfjhg-go-1.27.0"
        }
      }
    },
    "golangci-lint@2.13.1": {
      "last_modified": "2026-08-27T07:16:00Z",
      "resolved": "github:NixOS/nixpkgs/c27cdad491a991b11ed731760aa2ef8db0cb0410#golangci-lint",
      "source": "devbox-search",
      "version": "2.13.1",
      "systems": {
        "aarch64-darwin": {
          "outputs": [
            {
              "name": "out",
              "path": "/nix/store/vyl94dsc8a2vfpx0h9hs3ls3w9hfcyfa-golangci-lint-2.13.1",
              "default": true
            }
          ],
          "store_path": "/nix/store/vyl94dsc8a2vfpx0h9hs3ls3w9hfcyfa-golangci-lint-2.13.1"
        },
        "aarch64-linux": {
          "outputs": [
            {
              "name": "out",
              "path": "/nix/store/zg1nnbiiaiq65v0h4b22hqlqpqa8ja0j-golangci-lint-2.13.1",
              "default": true
            }
          ],
          "store_path": "/nix/store/zg1nnbiiaiq65v0h4b22hqlqpqa8ja0j-golangci-lint-2.13.1"
        },
        "x86_64-linux": {
          "outputs": [
            {
              "name": "out",
              "path": "/nix/store/sqm80s7p5kx9j4ia19rw3jy41ajx1v73-golangci-lint-2.13.1",
              "default": true
            }
          ],
          "store_path": "/nix/store/sqm80s7p5kx9j4ia19rw3jy41ajx1v73-golangci-lint-2.13.1"
        }
      }
    },
    "gopls@0.23.0": {
      "last_modified": "2026-10-02T22:55:44Z",
      "resolved": "github:NixOS/nixpkgs/55ba7f49ef2962b42cbd126522b7df5f95037679#gopls",
      "source": "devbox-search",
      "version": "0.23.0",
      "systems": {
        "aarch64-darwin": {
          "outputs": [
            {
              "name": "out",
              "path": "/nix/store/xw6qjz1s06wc64g988bgnim3wc6xwmiz-gopls-0.23.0",
              "default": true
            }
          ],
          "store_path": "/nix/store/xw6qjz1s06wc64g988bgnim3wc6xwmiz-gopls-0.23.0"
        },
        "aarch64-linux": {
          "outputs": [
            {
              "name": "out",
              "path": "/nix/store/2l6b370czqhyxjfb2lzs4ga5wflm00pc-gopls-0.23.0",
              "default": true
            }
          ],
          "store_path": "/nix/store/2l6b370czqhyxjfb2lzs4ga5wflm00pc-gopls-0.23.0"
        },
        "x86_64-linux": {
          "outputs": [
            {
              "name": "out",
              "path": "/nix/store/4giw4fjj84b0gzwzcx82pwrkx3ikjwws-gopls-0.23.0",
              "default": true
            }
          ],
          "store_path": "/nix/store/4giw4fjj84b0gzwzcx82pwrkx3ikjwws-gopls-0.23.0"
        }
      }
    },
    "goreleaser@2.17.1": {
      "last_modified": "2026-10-02T22:55:44Z",
      "resolved": "github:NixOS/nixpkgs/55ba7f49ef2962b42cbd126522b7df5f95037679#goreleaser",
      "source": "devbox-search",
      "version": "2.17.1",
      "systems": {
        "aarch64-darwin": {
          "outputs": [
            {
              "name": "out",
              "path": "/nix/store/xc1v4vi2k753mpyvw3x179a1902mcwwx-goreleaser-2.17.1",
              "default": true
            }
          ],
          "store_path": "/nix/store/xc1v4vi2k753mpyvw3x179a1902mcwwx-goreleaser-2.17.1"
        },
        "aarch64-linux": {
          "outputs": [
            {
              "name": "out",
              "path": "/nix/store/srsk0h3a14wkd1yfi5ajmjqxr5hfjlsm-goreleaser-2.17.1",
              "default": true
            }
          ],
          "store_path": "/nix/store/srsk0h3a14wkd1yfi5ajmjqxr5hfjlsm-goreleaser-2.17.1"
        },
        "x86_64-linux": {
          "outputs": [
            {
              "name": "out",
              "path": "/nix/store/kl03fvkql3kibd35in718pn3nf3xx0il-goreleaser-2.17.1",
              "default": true
            }
          ],
          "store_path": "/nix/store/kl03fvkql3kibd35in718pn3nf3xx0il-goreleaser-2.17.1"
        }
      }
    },
    "govulncheck@1.7.0": {
      "last_modified": "2026-09-09T19:38:03Z",
      "resolved": "github:NixOS/nixpkgs/5052d7ccbcfb7e4ae1586cb2ecf95a2e3707dce9#govulncheck",
      "source": "devbox-search",
      "version": "1.7.0",
      "systems": {
        "aarch64-darwin": {
          "outputs": [
            {
              "name": "out",
              "path": "/nix/store/zgblryrsf4vlmbzj04pl3ngwdsn2z6h7-govulncheck-1.7.0",
              "default": true
            }
          ],
          "store_path": "/nix/store/zgblryrsf4vlmbzj04pl3ngwdsn2z6h7-govulncheck-1.7.0"
        },
        "aarch64-linux": {
          "outputs": [
            {
              "name": "out",
              "path": "/nix/store/bg71fp9wcg8d956rfnrn398nrwcagmk4-govulncheck-1.7.0",
              "default": true
            }
          ],
          "store_path": "/nix/store/bg71fp9wcg8d956rfnrn398nrwcagmk4-govulncheck-1.7.0"
        },
        "x86_64-linux": {
          "outputs": [
            {
              "name": "out",
              "path": "/nix/store/zhxphpb7hydfq73p0zkdz7sxi202sdmv-govulncheck-1.7.0",
              "default": true
            }
          ],
          "store_path": "/nix/store/zhxphpb7hydfq73p0zkdz7sxi202sdmv-govulncheck-1.7.0"
        }
      }
    },
    "just-lsp@0.9.0": {
      "last_modified": "2026-10-02T22:55:44Z",
      "resolved": "github:NixOS/nixpkgs/55ba7f49ef2962b42cbd126522b7df5f95037679#just-lsp",
      "source": "devbox-search",
      "version": "0.9.0",
      "systems": {
        "aarch64-darwin": {
          "outputs": [
            {
              "name": "out",
              "path": "/nix/store/b3vlvwalwvwnfiaiwbxbrx89mbcmrln8-just-lsp-0.9.0",
              "default": true
            }
          ],
          "store_path": "/nix/store/b3vlvwalwvwnfiaiwbxbrx89mbcmrln8-just-lsp-0.9.0"
        },
        "aarch64-linux": {
          "outputs": [
            {
              "name": "out",
              "path": "/nix/store/0lsi1xdvbap8whmn90m3h3bjyvsvdj69-just-lsp-0.9.0",
              "default": true
            }
          ],
          "store_path": "/nix/store/0lsi1xdvbap8whmn90m3h3bjyvsvdj69-just-lsp-0.9.0"
        },
        "x86_64-linux": {
          "outputs": [
            {
              "name": "out",
              "path": "/nix/store/7d13gnr8rj72s5jndzrckjzjlc1x1qbw-just-lsp-0.9.0",
              "default": true
            }
          ],
          "store_path": "/nix/store/7d13gnr8rj72s5jndzrckjzjlc1x1qbw-just-lsp-0.9.0"
        }
      }
    },
    "just@1.58.0": {
      "last_modified": "2026-10-02T22:55:44Z",
      "resolved": "github:NixOS/nixpkgs/55ba7f49ef2962b42cbd126522b7df5f95037679#just",
      "source": "devbox-search",
      "version": "1.58.0",
      "systems": {
        "aarch64-darwin": {
          "outputs": [
            {
              "name": "out",
              "path": "/nix/store/7myigx4c7gvdmy66z82v4gsca1y6rcsg-just-1.58.0",
              "default": true
            },
            {
              "name": "man",
              "path": "/nix/store/ndglr8n0wkxk0qpjrfazxmz3kgpypwby-just-1.58.0-man",
              "default": true
            },
            {
              "name": "doc",
              "path": "/nix/store/z45ags4638k33f3d6lla74jfxampk9y7-just-1.58.0-doc"
            }
          ],
          "store_path": "/nix/store/7myigx4c7gvdmy66z82v4gsca1y6rcsg-just-1.58.0"
        },
        "aarch64-linux": {
          "outputs": [
            {
              "name": "out",
              "path": "/nix/store/6byz8zyiqvnj7kn3kadfdks3if6sb37k-just-1.58.0",
              "default": true
            },
            {
              "name": "man",
              "path": "/nix/store/0ih4iwq1rslhr6igk1m5h7rj9bpn7qh8-just-1.58.0-man",
              "default": true
            },
            {
              "name": "doc",
              "path": "/nix/store/w5xq1nrfdsyazp0zdjs8ks581ryqlw4v-just-1.58.0-doc"
            }
          ],
          "store_path": "/nix/store/6byz8zyiqvnj7kn3kadfdks3if6sb37k-just-1.58.0"
        },
        "x86_64-linux": {
          "outputs": [
            {
              "name": "out",
              "path": "/nix/store/qgliqnslmd0pgxar92s306ipxz5vdxx2-just-1.58.0",
              "default": true
            },
            {
              "name": "man",
              "path": "/nix/store/z0dsrhyy9d04c6sr75s9sjn2hnjaxhl3-just-1.58.0-man",
              "default": true
            },
            {
              "name": "doc",
              "path": "/nix/store/dpy7p6cx6mq4xn0hh16507gd9fz7nl32-just-1.58.0-doc"
            }
          ],
          "store_path": "/nix/store/qgliqnslmd0pgxar92s306ipxz5vdxx2-just-1.58.0"
        }
      }
    },
    "kubernetes-helm@4.3.0": {
      "last_modified": "2026-10-02T22:55:44Z",
      "resolved": "github:NixOS/nixpkgs/55ba7f49ef2962b42cbd126522b7df5f95037679#kubernetes-helm",
      "source": "devbox-search",
      "version": "4.3.0",
      "systems": {
        "aarch64-darwin": {
          "outputs": [
            {
              "name": "out",
              "path": "/nix/store/qhd7kv6grl3cz4p6hq5s5j4b90zlm0rg-kubernetes-helm-4.3.0",
              "default": true
            }
          ],
          "store_path": "/nix/store/qhd7kv6grl3cz4p6hq5s5j4b90zlm0rg-kubernetes-helm-4.3.0"
        },
        "aarch64-linux": {
          "outputs": [
            {
              "name": "out",
              "path": "/nix/store/3dq2j1jklnp519lp1sdiknhljlz91bzr-kubernetes-helm-4.3.0",
              "default": true
            }
          ],
          "store_path": "/nix/store/3dq2j1jklnp519lp1sdiknhljlz91bzr-kubernetes-helm-4.3.0"
        },
        "x86_64-linux": {
          "outputs": [
            {
              "name": "out",
              "path": "/nix/store/i46k66p14ci9yvr402cki6g6hqhb8raw-kubernetes-helm-4.3.0",
              "default": true
            }
          ],
          "store_path": "/nix/store/i46k66p14ci9yvr402cki6g6hqhb8raw-kubernetes-helm-4.3.0"
        }
      }
    }
  }
}
